<?xml version="1.0" encoding="utf-8"?>
<Project ToolsVersion="4.0" xmlns="http://schemas.microsoft.com/developer/msbuild/2003">
  <ItemGroup>
    <Filter Include="Source Files">
      <UniqueIdentifier>{4FC737F1-C7A5-4376-A066-2A32D752A2FF}</UniqueIdentifier>
      <Extensions>cpp;c;cc;cxx;def;odl;idl;hpj;bat;asm;asmx</Extensions>
    </Filter>
    <Filter Include="Header Files">
      <UniqueIdentifier>{93995380-89BD-4b04-88EB-625FBE52EBFB}</UniqueIdentifier>
      <Extensions>h;hh;hpp;hxx;hm;inl;inc;xsd</Extensions>
    </Filter>
    <Filter Include="moduls">
      <UniqueIdentifier>{bf3ce335-05b0-4bc8-8ae9-57e405f94c4f}</UniqueIdentifier>
    </Filter>
    <Filter Include="moduls\mode_seeking">
      <UniqueIdentifier>{a1c1ae92-b2c4-4040-8ec6-a6d502f7aec1}</UniqueIdentifier>
    </Filter>
    <Filter Include="moduls\feature_detection">
      <UniqueIdentifier>{9a262684-1165-4667-b6c1-473a39edc4cb}</UniqueIdentifier>
    </Filter>
    <Filter Include="moduls\alpha_expansion">
      <UniqueIdentifier>{6ddd2a38-5191-4398-b27f-c0e5d0555e2b}</UniqueIdentifier>
    </Filter>
  </ItemGroup>
  <ItemGroup>
    <Text Include="ReadMe.txt" />
  </ItemGroup>
  <ItemGroup>
    <ClInclude Include="stdafx.h">
      <Filter>Header Files</Filter>
    </ClInclude>
    <ClInclude Include="targetver.h">
      <Filter>Header Files</Filter>
    </ClInclude>
    <ClInclude Include="MultiH.h">
      <Filter>Header Files</Filter>
    </ClInclude>
    <ClInclude Include="moduls\mode_seeking\median_shift.h">
      <Filter>moduls\mode_seeking</Filter>
    </ClInclude>
    <ClInclude Include="moduls\feature_detection\affine.h">
      <Filter>moduls\feature_detection</Filter>
    </ClInclude>
    <ClInclude Include="moduls\feature_detection\AsiftDetector.h">
      <Filter>moduls\feature_detection</Filter>
    </ClInclude>
    <ClInclude Include="moduls\feature_detection\EllipticASiftDetector.h">
      <Filter>moduls\feature_detection</Filter>
    </ClInclude>
    <ClInclude Include="moduls\feature_detection\EllipticKeyPoint.h">
      <Filter>moduls\feature_detection</Filter>
    </ClInclude>
    <ClInclude Include="moduls\feature_detection\helpers.h">
      <Filter>moduls\feature_detection</Filter>
    </ClInclude>
    <ClInclude Include="moduls\feature_detection\HessianAffineDetector.h">
      <Filter>moduls\feature_detection</Filter>
    </ClInclude>
    <ClInclude Include="moduls\feature_detection\pyramid.h">
      <Filter>moduls\feature_detection</Filter>
    </ClInclude>
    <ClInclude Include="moduls\feature_detection\siftdesc.h">
      <Filter>moduls\feature_detection</Filter>
    </ClInclude>
    <ClInclude Include="moduls\alpha_expansion\block.h">
      <Filter>moduls\alpha_expansion</Filter>
    </ClInclude>
    <ClInclude Include="moduls\alpha_expansion\energy.h">
      <Filter>moduls\alpha_expansion</Filter>
    </ClInclude>
    <ClInclude Include="moduls\alpha_expansion\GCoptimization.h">
      <Filter>moduls\alpha_expansion</Filter>
    </ClInclude>
    <ClInclude Include="moduls\alpha_expansion\graph.h">
      <Filter>moduls\alpha_expansion</Filter>
    </ClInclude>
    <ClInclude Include="moduls\alpha_expansion\Header.h">
      <Filter>moduls\alpha_expansion</Filter>
    </ClInclude>
    <ClInclude Include="moduls\alpha_expansion\LinkedBlockList.h">
      <Filter>moduls\alpha_expansion</Filter>
    </ClInclude>
    <ClInclude Include="moduls\mode_seeking\MeanShiftClustering.h">
      <Filter>moduls\mode_seeking</Filter>
    </ClInclude>
  </ItemGroup>
  <ItemGroup>
    <ClCompile Include="stdafx.cpp">
      <Filter>Source Files</Filter>
    </ClCompile>
    <ClCompile Include="MultiH.cpp">
      <Filter>Source Files</Filter>
    </ClCompile>
    <ClCompile Include="moduls\mode_seeking\median_shift.cpp">
      <Filter>moduls\mode_seeking</Filter>
    </ClCompile>
    <ClCompile Include="moduls\feature_detection\affine.cpp">
      <Filter>moduls\feature_detection</Filter>
    </ClCompile>
    <ClCompile Include="moduls\feature_detection\AsiftDetector.cpp">
      <Filter>moduls\feature_detection</Filter>
    </ClCompile>
    <ClCompile Include="moduls\feature_detection\EllipticASiftDetector.cpp">
      <Filter>moduls\feature_detection</Filter>
    </ClCompile>
    <ClCompile Include="moduls\feature_detection\EllipticKeyPoint.cpp">
      <Filter>moduls\feature_detection</Filter>
    </ClCompile>
    <ClCompile Include="moduls\feature_detection\helpers.cpp">
      <Filter>moduls\feature_detection</Filter>
    </ClCompile>
    <ClCompile Include="moduls\feature_detection\HessianAffineDetector.cpp">
      <Filter>moduls\feature_detection</Filter>
    </ClCompile>
    <ClCompile Include="moduls\feature_detection\pyramid.cpp">
      <Filter>moduls\feature_detection</Filter>
    </ClCompile>
    <ClCompile Include="moduls\feature_detection\siftdesc.cpp">
      <Filter>moduls\feature_detection</Filter>
    </ClCompile>
    <ClCompile Include="moduls\alpha_expansion\GCoptimization.cpp">
      <Filter>moduls\alpha_expansion</Filter>
    </ClCompile>
    <ClCompile Include="moduls\alpha_expansion\graph.cpp">
      <Filter>moduls\alpha_expansion</Filter>
    </ClCompile>
    <ClCompile Include="moduls\alpha_expansion\LinkedBlockList.cpp">
      <Filter>moduls\alpha_expansion</Filter>
    </ClCompile>
    <ClCompile Include="moduls\alpha_expansion\maxflow.cpp">
      <Filter>moduls\alpha_expansion</Filter>
    </ClCompile>
    <ClCompile Include="moduls\mode_seeking\MeanShiftClustering.cpp">
      <Filter>moduls\mode_seeking</Filter>
    </ClCompile>
    <ClCompile Include="main.cpp">
      <Filter>Source Files</Filter>
    </ClCompile>
  </ItemGroup>
  <ItemGroup>
    <None Include="moduls\alpha_expansion\instances.inc">
      <Filter>moduls\alpha_expansion</Filter>
    </None>
  </ItemGroup>
</Project>